
Microsoft Visual Studio Solution File, Format Version 12.00
Project("{FAE04EC0-301F-11D3-BF4B-00C04F79EFBC}") = "Faces", "Faces\Faces.csproj", "{DC234FDC-CBE9-4531-B815-343A51F524AD}"
EndProject
Global
	GlobalSection(SolutionConfigurationPlatforms) = preSolution
		Debug|Any CPU = Debug|Any CPU
		Release|Any CPU = Release|Any CPU
	EndGlobalSection
	GlobalSection(ProjectConfigurationPlatforms) = postSolution
		{DC234FDC-CBE9-4531-B815-343A51F524AD}.Debug|Any CPU.ActiveCfg = Debug|Any CPU
		{DC234FDC-CBE9-4531-B815-343A51F524AD}.Debug|Any CPU.Build.0 = Debug|Any CPU
		{DC234FDC-CBE9-4531-B815-343A51F524AD}.Release|Any CPU.ActiveCfg = Release|Any CPU
		{DC234FDC-CBE9-4531-B815-343A51F524AD}.Release|Any CPU.Build.0 = Release|Any CPU
	EndGlobalSection
EndGlobal
